{
  "version": 4,
  "terraform_version": "1.8.5",
  "serial": 48,
  "lineage": "d3b4f519-c655-b0ec-d115-95faeeeee153",
  "outputs": {},
  "resources": [
    {
      "mode": "managed",
      "type": "digitalocean_database_cluster",
      "name": "postgres",
      "provider": "provider[\"registry.terraform.io/digitalocean/digitalocean\"]",
      "instances": [
        {
          "schema_version": 0,
          "attributes": {
            "backup_restore": [],
            "database": "defaultdb",
            "engine": "pg",
            "eviction_policy": null,
            "host": "postgresber-do-user-16960067-0.c.db.ondigitalocean.com",
            "id": "0ff7d60f-cc9a-4e33-b2bd-e867f3f7585b",
            "maintenance_window": [],
            "name": "postgresber",
            "node_count": 2,
            "password": "AVNS_DnP1jF5-3PXPBxehXVg",
            "port": 25060,
            "private_host": "private-postgresber-do-user-16960067-0.c.db.ondigitalocean.com",
            "private_network_uuid": "abbe8422-0f95-4936-bce9-4cbc9900c3fc",
            "private_uri": "postgresql://doadmin:AVNS_DnP1jF5-3PXPBxehXVg@private-postgresber-do-user-16960067-0.c.db.ondigitalocean.com:25060/defaultdb?sslmode=require",
            "project_id": "3c62332a-9b10-4541-944b-f7f1fe5e80a3",
            "region": "fra1",
            "size": "db-s-1vcpu-2gb",
            "sql_mode": null,
            "storage_size_mib": "30720",
            "tags": null,
            "timeouts": null,
            "ui_database": null,
            "ui_host": null,
            "ui_password": null,
            "ui_port": null,
            "ui_uri": null,
            "ui_user": null,
            "uri": "postgresql://doadmin:AVNS_DnP1jF5-3PXPBxehXVg@postgresber-do-user-16960067-0.c.db.ondigitalocean.com:25060/defaultdb?sslmode=require",
            "urn": "do:dbaas:0ff7d60f-cc9a-4e33-b2bd-e867f3f7585b",
            "user": "doadmin",
            "version": "15"
          },
          "sensitive_attributes": [
            [
              {
                "type": "get_attr",
                "value": "ui_uri"
              }
            ],
            [
              {
                "type": "get_attr",
                "value": "ui_password"
              }
            ],
            [
              {
                "type": "get_attr",
                "value": "private_uri"
              }
            ],
            [
              {
                "type": "get_attr",
                "value": "password"
              }
            ],
            [
              {
                "type": "get_attr",
                "value": "uri"
              }
            ]
          ],
          "private": "eyJlMmJmYjczMC1lY2FhLTExZTYtOGY4OC0zNDM2M2JjN2M0YzAiOnsiY3JlYXRlIjoxODAwMDAwMDAwMDAwfX0="
        }
      ]
    },
    {
      "mode": "managed",
      "type": "digitalocean_database_replica",
      "name": "replica",
      "provider": "provider[\"registry.terraform.io/digitalocean/digitalocean\"]",
      "instances": [
        {
          "schema_version": 0,
          "attributes": {
            "cluster_id": "0ff7d60f-cc9a-4e33-b2bd-e867f3f7585b",
            "database": "defaultdb",
            "host": "posgresbereplica-do-user-16960067-0.c.db.ondigitalocean.com",
            "id": "0ff7d60f-cc9a-4e33-b2bd-e867f3f7585b/replicas/posgresbereplica",
            "name": "posgresbereplica",
            "password": "AVNS_DnP1jF5-3PXPBxehXVg",
            "port": 25060,
            "private_host": "private-posgresbereplica-do-user-16960067-0.c.db.ondigitalocean.com",
            "private_network_uuid": "6f51ebca-f9ec-4d42-b27f-fe2f37def501",
            "private_uri": "postgresql://doadmin:AVNS_DnP1jF5-3PXPBxehXVg@private-posgresbereplica-do-user-16960067-0.c.db.ondigitalocean.com:25060/defaultdb?sslmode=require",
            "region": "ams3",
            "size": "db-s-1vcpu-1gb",
            "storage_size_mib": "30720",
            "tags": null,
            "uri": "postgresql://doadmin:AVNS_DnP1jF5-3PXPBxehXVg@posgresbereplica-do-user-16960067-0.c.db.ondigitalocean.com:25060/defaultdb?sslmode=require",
            "user": "doadmin",
            "uuid": "aee4c775-fe4a-40aa-8d50-de58107fc438"
          },
          "sensitive_attributes": [
            [
              {
                "type": "get_attr",
                "value": "private_uri"
              }
            ],
            [
              {
                "type": "get_attr",
                "value": "password"
              }
            ],
            [
              {
                "type": "get_attr",
                "value": "uri"
              }
            ]
          ],
          "private": "bnVsbA==",
          "dependencies": [
            "digitalocean_database_cluster.postgres"
          ]
        }
      ]
    },
    {
      "mode": "managed",
      "type": "digitalocean_kubernetes_cluster",
      "name": "k8s_cluster",
      "provider": "provider[\"registry.terraform.io/digitalocean/digitalocean\"]",
      "instances": [
        {
          "schema_version": 3,
          "attributes": {
            "auto_upgrade": false,
            "cluster_subnet": "10.244.0.0/16",
            "created_at": "2024-06-25 20:21:31 +0000 UTC",
            "destroy_all_associated_resources": false,
            "endpoint": "https://e48a1b54-3823-4838-a806-371d9b99331d.k8s.ondigitalocean.com",
            "ha": false,
            "id": "e48a1b54-3823-4838-a806-371d9b99331d",
            "ipv4_address": "",
            "kube_config": [
              {
                "client_certificate": "",
                "client_key": "",
                "cluster_ca_certificate": "LS0tLS1CRUdJTiBDRVJUSUZJQ0FURS0tLS0tCk1JSURKekNDQWcrZ0F3SUJBZ0lDQm5Vd0RRWUpLb1pJaHZjTkFRRUxCUUF3TXpFVk1CTUdBMVVFQ2hNTVJHbG4KYVhSaGJFOWpaV0Z1TVJvd0dBWURWUVFERXhGck9ITmhZWE1nUTJ4MWMzUmxjaUJEUVRBZUZ3MHlOREEyTWpVeQpNREl4TXpSYUZ3MDBOREEyTWpVeU1ESXhNelJhTURNeEZUQVRCZ05WQkFvVERFUnBaMmwwWVd4UFkyVmhiakVhCk1CZ0dBMVVFQXhNUmF6aHpZV0Z6SUVOc2RYTjBaWElnUTBFd2dnRWlNQTBHQ1NxR1NJYjNEUUVCQVFVQUE0SUIKRHdBd2dnRUtBb0lCQVFDZVVhL05RUkpsWDVUOStTQmkrek4vQURFczRnZVNrMUFpMFNqZmoycm5iUW95WVZUYwpzT21ZaUduL3htdGl2V05DQnJkTDJzNDQzT0FSQUczWWFJci84Vy9QTXhxRzhqYzBkZXFFTFAzamRtMUJQd0tZCng3ZWZ6ZmNDSWx3U1hSMWNqNjJLOFFpK2pRK2xUYlZFRmNlOWpFOGtIalZmZDA1V0dGQ1hQR0dQRURoR1VBVTQKSllJbjJ4aGNpUnlqMmJ4eUExWE5mblEwVFE5REgzMGR5NFF3QmNGRnU5Z25SRmxqa0UyV2ZmQzVkd3ZMc2ZSUgo4SmJZYUJKWjdUR211QXRocUdvY1VrbGEyWUZwRmVTcVIxNXhlZGhCMmFLRlc2QVpyYU53dEtDWXVha1JRWEtOCkpZajNMYURDNUhCdld6S0h3ZGRzWEpZZlg3dDkxVTZ5U2RXdkFnTUJBQUdqUlRCRE1BNEdBMVVkRHdFQi93UUUKQXdJQmhqQVNCZ05WSFJNQkFmOEVDREFHQVFIL0FnRUFNQjBHQTFVZERnUVdCQlNRMlVobXhMYVFzd2NCeUdqOQo0bHVQN2lPWDdEQU5CZ2txaGtpRzl3MEJBUXNGQUFPQ0FRRUFVdGtPWXVxaEJWMGFsekhDdGJydmlHbUJhWTFiClhkOHBlL3RVQ2puMnVFWjJxMkR4YlUyRlYzTk9rTlp4WUpYbFlIdmtpUm9uWkcyN3Y5K3M1Q081dHFqeFVyVXUKcVFUNVMrdkRka1ZLRlFVSFhYMU5jU1RKaWMwRVl0cEdDYW10Z3p6dHNNeUV0NmhzaHA0dUdZOXNDcVJ3dkhxYwpjemVnSHNIWURvOTBDNGEvbzFhSXlGQXVFWDlSR2pscEtkTy9CREtSMWh2WEM3SmRzWmZ5OWtRVnJSRFYyOXQ3CkZTTm1QMTRndWlCNEZlOHVQRDBYdjB4WU5VVFRQamNibXgzYkJYRGpNMkYzS2R6K2VJVy95RmYyWnBPWWt2KysKN1B0TzBwTUFoR3p3WXB1NmpsYmdCaGtzLzQxelFrOGY0bUZmOG9nRHVLbnVLTTNrZDhzay9hY2k1Zz09Ci0tLS0tRU5EIENFUlRJRklDQVRFLS0tLS0K",
                "expires_at": "2024-07-02T20:26:21Z",
                "host": "https://e48a1b54-3823-4838-a806-371d9b99331d.k8s.ondigitalocean.com",
                "raw_config": "apiVersion: v1\nkind: Config\nclusters:\n- cluster:\n    certificate-authority-data: LS0tLS1CRUdJTiBDRVJUSUZJQ0FURS0tLS0tCk1JSURKekNDQWcrZ0F3SUJBZ0lDQm5Vd0RRWUpLb1pJaHZjTkFRRUxCUUF3TXpFVk1CTUdBMVVFQ2hNTVJHbG4KYVhSaGJFOWpaV0Z1TVJvd0dBWURWUVFERXhGck9ITmhZWE1nUTJ4MWMzUmxjaUJEUVRBZUZ3MHlOREEyTWpVeQpNREl4TXpSYUZ3MDBOREEyTWpVeU1ESXhNelJhTURNeEZUQVRCZ05WQkFvVERFUnBaMmwwWVd4UFkyVmhiakVhCk1CZ0dBMVVFQXhNUmF6aHpZV0Z6SUVOc2RYTjBaWElnUTBFd2dnRWlNQTBHQ1NxR1NJYjNEUUVCQVFVQUE0SUIKRHdBd2dnRUtBb0lCQVFDZVVhL05RUkpsWDVUOStTQmkrek4vQURFczRnZVNrMUFpMFNqZmoycm5iUW95WVZUYwpzT21ZaUduL3htdGl2V05DQnJkTDJzNDQzT0FSQUczWWFJci84Vy9QTXhxRzhqYzBkZXFFTFAzamRtMUJQd0tZCng3ZWZ6ZmNDSWx3U1hSMWNqNjJLOFFpK2pRK2xUYlZFRmNlOWpFOGtIalZmZDA1V0dGQ1hQR0dQRURoR1VBVTQKSllJbjJ4aGNpUnlqMmJ4eUExWE5mblEwVFE5REgzMGR5NFF3QmNGRnU5Z25SRmxqa0UyV2ZmQzVkd3ZMc2ZSUgo4SmJZYUJKWjdUR211QXRocUdvY1VrbGEyWUZwRmVTcVIxNXhlZGhCMmFLRlc2QVpyYU53dEtDWXVha1JRWEtOCkpZajNMYURDNUhCdld6S0h3ZGRzWEpZZlg3dDkxVTZ5U2RXdkFnTUJBQUdqUlRCRE1BNEdBMVVkRHdFQi93UUUKQXdJQmhqQVNCZ05WSFJNQkFmOEVDREFHQVFIL0FnRUFNQjBHQTFVZERnUVdCQlNRMlVobXhMYVFzd2NCeUdqOQo0bHVQN2lPWDdEQU5CZ2txaGtpRzl3MEJBUXNGQUFPQ0FRRUFVdGtPWXVxaEJWMGFsekhDdGJydmlHbUJhWTFiClhkOHBlL3RVQ2puMnVFWjJxMkR4YlUyRlYzTk9rTlp4WUpYbFlIdmtpUm9uWkcyN3Y5K3M1Q081dHFqeFVyVXUKcVFUNVMrdkRka1ZLRlFVSFhYMU5jU1RKaWMwRVl0cEdDYW10Z3p6dHNNeUV0NmhzaHA0dUdZOXNDcVJ3dkhxYwpjemVnSHNIWURvOTBDNGEvbzFhSXlGQXVFWDlSR2pscEtkTy9CREtSMWh2WEM3SmRzWmZ5OWtRVnJSRFYyOXQ3CkZTTm1QMTRndWlCNEZlOHVQRDBYdjB4WU5VVFRQamNibXgzYkJYRGpNMkYzS2R6K2VJVy95RmYyWnBPWWt2KysKN1B0TzBwTUFoR3p3WXB1NmpsYmdCaGtzLzQxelFrOGY0bUZmOG9nRHVLbnVLTTNrZDhzay9hY2k1Zz09Ci0tLS0tRU5EIENFUlRJRklDQVRFLS0tLS0K\n    server: https://e48a1b54-3823-4838-a806-371d9b99331d.k8s.ondigitalocean.com\n  name: do-fra1-k8sber\ncontexts:\n- context:\n    cluster: do-fra1-k8sber\n    user: do-fra1-k8sber-admin\n  name: do-fra1-k8sber\ncurrent-context: do-fra1-k8sber\nusers:\n- name: do-fra1-k8sber-admin\n  user:\n    token: dop_v1_d984580cc70e85accf41c3ee85666bab6343c35fb1b46a18f1edbc65ea51274e\n",
                "token": "dop_v1_d984580cc70e85accf41c3ee85666bab6343c35fb1b46a18f1edbc65ea51274e"
              }
            ],
            "maintenance_policy": [
              {
                "day": "any",
                "duration": "4h0m0s",
                "start_time": "6:00"
              }
            ],
            "name": "k8sber",
            "node_pool": [
              {
                "actual_node_count": 1,
                "auto_scale": false,
                "id": "6d6c4631-4819-471b-8bb4-0448dba48773",
                "labels": null,
                "max_nodes": 0,
                "min_nodes": 0,
                "name": "worker-pool",
                "node_count": 1,
                "nodes": [
                  {
                    "created_at": "2024-06-25 20:21:31 +0000 UTC",
                    "droplet_id": "428270514",
                    "id": "4449c88e-c875-44e5-a733-3a0a4baebd1b",
                    "name": "worker-pool-r2ml8",
                    "status": "running",
                    "updated_at": "2024-06-25 20:24:15 +0000 UTC"
                  }
                ],
                "size": "s-4vcpu-8gb",
                "tags": null,
                "taint": []
              }
            ],
            "region": "fra1",
            "registry_integration": false,
            "service_subnet": "10.245.0.0/16",
            "status": "running",
            "surge_upgrade": true,
            "tags": null,
            "timeouts": null,
            "updated_at": "2024-06-25 20:26:16 +0000 UTC",
            "urn": "do:kubernetes:e48a1b54-3823-4838-a806-371d9b99331d",
            "version": "1.30.1-do.0",
            "vpc_uuid": "c5f98a2b-2adc-4ba8-b088-3524a5c8aceb"
          },
          "sensitive_attributes": [
            [
              {
                "type": "get_attr",
                "value": "kube_config"
              }
            ]
          ],
          "private": "eyJlMmJmYjczMC1lY2FhLTExZTYtOGY4OC0zNDM2M2JjN2M0YzAiOnsiY3JlYXRlIjoxODAwMDAwMDAwMDAwfSwic2NoZW1hX3ZlcnNpb24iOiIzIn0=",
          "dependencies": [
            "digitalocean_vpc.k8s_vpc"
          ]
        }
      ]
    },
    {
      "mode": "managed",
      "type": "digitalocean_vpc",
      "name": "db_vpc",
      "provider": "provider[\"registry.terraform.io/digitalocean/digitalocean\"]",
      "instances": [
        {
          "schema_version": 0,
          "attributes": {
            "created_at": "2024-06-25 20:21:28 +0000 UTC",
            "default": false,
            "description": "",
            "id": "018dfb9a-2c9b-45f0-8525-a77ebb4cc518",
            "ip_range": "10.114.0.0/20",
            "name": "db-vpc",
            "region": "fra1",
            "timeouts": null,
            "urn": "do:vpc:018dfb9a-2c9b-45f0-8525-a77ebb4cc518"
          },
          "sensitive_attributes": [],
          "private": "eyJlMmJmYjczMC1lY2FhLTExZTYtOGY4OC0zNDM2M2JjN2M0YzAiOnsiZGVsZXRlIjoxMjAwMDAwMDAwMDB9fQ=="
        }
      ]
    },
    {
      "mode": "managed",
      "type": "digitalocean_vpc",
      "name": "k8s_vpc",
      "provider": "provider[\"registry.terraform.io/digitalocean/digitalocean\"]",
      "instances": [
        {
          "schema_version": 0,
          "attributes": {
            "created_at": "2024-06-25 20:21:29 +0000 UTC",
            "default": false,
            "description": "",
            "id": "c5f98a2b-2adc-4ba8-b088-3524a5c8aceb",
            "ip_range": "10.114.16.0/20",
            "name": "k8s-vpc",
            "region": "fra1",
            "timeouts": null,
            "urn": "do:vpc:c5f98a2b-2adc-4ba8-b088-3524a5c8aceb"
          },
          "sensitive_attributes": [],
          "private": "eyJlMmJmYjczMC1lY2FhLTExZTYtOGY4OC0zNDM2M2JjN2M0YzAiOnsiZGVsZXRlIjoxMjAwMDAwMDAwMDB9fQ=="
        }
      ]
    }
  ],
  "check_results": null
}
